
Microsoft Visual Studio Solution File, Format Version 12.00
# Visual Studio Version 17
VisualStudioVersion = 17.6.33815.320
MinimumVisualStudioVersion = 10.0.40219.1
Project("{FAE04EC0-301F-11D3-BF4B-00C04F79EFBC}") = "TripApi", "TripApi\TripApi.csproj", "{4DFD48BE-F7CB-444F-AE76-661F1617E45D}"
EndProject
Global
	GlobalSection(SolutionConfigurationPlatforms) = preSolution
		Debug|Any CPU = Debug|Any CPU
		Release|Any CPU = Release|Any CPU
	EndGlobalSection
	GlobalSection(ProjectConfigurationPlatforms) = postSolution
		{4DFD48BE-F7CB-444F-AE76-661F1617E45D}.Debug|Any CPU.ActiveCfg = Debug|Any CPU
		{4DFD48BE-F7CB-444F-AE76-661F1617E45D}.Debug|Any CPU.Build.0 = Debug|Any CPU
		{4DFD48BE-F7CB-444F-AE76-661F1617E45D}.Release|Any CPU.ActiveCfg = Release|Any CPU
		{4DFD48BE-F7CB-444F-AE76-661F1617E45D}.Release|Any CPU.Build.0 = Release|Any CPU
	EndGlobalSection
	GlobalSection(SolutionProperties) = preSolution
		HideSolutionNode = FALSE
	EndGlobalSection
	GlobalSection(ExtensibilityGlobals) = postSolution
		SolutionGuid = {24E37FF2-6E73-428E-8C0C-B3EC4BAB1656}
	EndGlobalSection
EndGlobal
